
Microsoft Visual Studio Solution File, Format Version 12.00
# Visual Studio Version 17
VisualStudioVersion = 17.2.32630.192
MinimumVisualStudioVersion = 10.0.40219.1
Project("{9A19103F-16F7-4668-BE54-9A1E7A4F7556}") = "W3FLAFunctions", "W3FLAFunctions\W3FLAFunctions.csproj", "{055A5277-2230-479C-8BF9-07BE6A2C353F}"
EndProject
Project("{9A19103F-16F7-4668-BE54-9A1E7A4F7556}") = "W3FLAWeb", "W3FLAWeb\W3FLAWeb.csproj", "{478B3D09-1D08-4B19-B540-8F847F03C229}"
EndProject
Project("{9A19103F-16F7-4668-BE54-9A1E7A4F7556}") = "W3FLA.Entities", "W3FLA.Entities\W3FLA.Entities.csproj", "{52D32881-E9D1-4EF6-B6B9-B98BC030DC29}"
EndProject
Global
	GlobalSection(SolutionConfigurationPlatforms) = preSolution
		Debug|Any CPU = Debug|Any CPU
		Release|Any CPU = Release|Any CPU
	EndGlobalSection
	GlobalSection(ProjectConfigurationPlatforms) = postSolution
		{055A5277-2230-479C-8BF9-07BE6A2C353F}.Debug|Any CPU.ActiveCfg = Debug|Any CPU
		{055A5277-2230-479C-8BF9-07BE6A2C353F}.Debug|Any CPU.Build.0 = Debug|Any CPU
		{055A5277-2230-479C-8BF9-07BE6A2C353F}.Release|Any CPU.ActiveCfg = Release|Any CPU
		{055A5277-2230-479C-8BF9-07BE6A2C353F}.Release|Any CPU.Build.0 = Release|Any CPU
		{478B3D09-1D08-4B19-B540-8F847F03C229}.Debug|Any CPU.ActiveCfg = Debug|Any CPU
		{478B3D09-1D08-4B19-B540-8F847F03C229}.Debug|Any CPU.Build.0 = Debug|Any CPU
		{478B3D09-1D08-4B19-B540-8F847F03C229}.Release|Any CPU.ActiveCfg = Release|Any CPU
		{478B3D09-1D08-4B19-B540-8F847F03C229}.Release|Any CPU.Build.0 = Release|Any CPU
		{52D32881-E9D1-4EF6-B6B9-B98BC030DC29}.Debug|Any CPU.ActiveCfg = Debug|Any CPU
		{52D32881-E9D1-4EF6-B6B9-B98BC030DC29}.Debug|Any CPU.Build.0 = Debug|Any CPU
		{52D32881-E9D1-4EF6-B6B9-B98BC030DC29}.Release|Any CPU.ActiveCfg = Release|Any CPU
		{52D32881-E9D1-4EF6-B6B9-B98BC030DC29}.Release|Any CPU.Build.0 = Release|Any CPU
	EndGlobalSection
	GlobalSection(SolutionProperties) = preSolution
		HideSolutionNode = FALSE
	EndGlobalSection
	GlobalSection(ExtensibilityGlobals) = postSolution
		SolutionGuid = {4F57076B-8237-4E7D-B35A-146E73CFF41B}
	EndGlobalSection
EndGlobal
